
Microsoft Visual Studio Solution File, Format Version 12.00
# Visual Studio Version 17
VisualStudioVersion = 17.5.33424.131
MinimumVisualStudioVersion = 10.0.40219.1
Project("{FAE04EC0-301F-11D3-BF4B-00C04F79EFBC}") = "ShadowingHidingPrac", "ShadowingHidingPrac\ShadowingHidingPrac.csproj", "{FF57B008-97C0-464B-88C3-36769B0C9871}"
EndProject
Global
	GlobalSection(SolutionConfigurationPlatforms) = preSolution
		Debug|Any CPU = Debug|Any CPU
		Release|Any CPU = Release|Any CPU
	EndGlobalSection
	GlobalSection(ProjectConfigurationPlatforms) = postSolution
		{FF57B008-97C0-464B-88C3-36769B0C9871}.Debug|Any CPU.ActiveCfg = Debug|Any CPU
		{FF57B008-97C0-464B-88C3-36769B0C9871}.Debug|Any CPU.Build.0 = Debug|Any CPU
		{FF57B008-97C0-464B-88C3-36769B0C9871}.Release|Any CPU.ActiveCfg = Release|Any CPU
		{FF57B008-97C0-464B-88C3-36769B0C9871}.Release|Any CPU.Build.0 = Release|Any CPU
	EndGlobalSection
	GlobalSection(SolutionProperties) = preSolution
		HideSolutionNode = FALSE
	EndGlobalSection
	GlobalSection(ExtensibilityGlobals) = postSolution
		SolutionGuid = {4C6DC0FF-B399-4688-8B49-6A24C963850D}
	EndGlobalSection
EndGlobal
